
Microsoft Visual Studio Solution File, Format Version 12.00
# Visual Studio Version 16
VisualStudioVersion = 16.0.29926.136
MinimumVisualStudioVersion = 10.0.40219.1
Project("{FAE04EC0-301F-11D3-BF4B-00C04F79EFBC}") = "Tally_AR_Service", "Tally_AR_Service\Tally_AR_Service.csproj", "{C17677B3-FC0E-4DC8-B971-BD5212608B05}"
EndProject
Global
	GlobalSection(SolutionConfigurationPlatforms) = preSolution
		Debug|Any CPU = Debug|Any CPU
		Release|Any CPU = Release|Any CPU
	EndGlobalSection
	GlobalSection(ProjectConfigurationPlatforms) = postSolution
		{C17677B3-FC0E-4DC8-B971-BD5212608B05}.Debug|Any CPU.ActiveCfg = Debug|Any CPU
		{C17677B3-FC0E-4DC8-B971-BD5212608B05}.Debug|Any CPU.Build.0 = Debug|Any CPU
		{C17677B3-FC0E-4DC8-B971-BD5212608B05}.Release|Any CPU.ActiveCfg = Release|Any CPU
		{C17677B3-FC0E-4DC8-B971-BD5212608B05}.Release|Any CPU.Build.0 = Release|Any CPU
	EndGlobalSection
	GlobalSection(SolutionProperties) = preSolution
		HideSolutionNode = FALSE
	EndGlobalSection
	GlobalSection(ExtensibilityGlobals) = postSolution
		SolutionGuid = {17DB0CFF-D7F2-41D8-B2F7-155D4DD7FFBB}
	EndGlobalSection
EndGlobal
